
Microsoft Visual Studio Solution File, Format Version 12.00
# Visual Studio Version 16
VisualStudioVersion = 16.0.29324.140
MinimumVisualStudioVersion = 10.0.40219.1
Project("{9A19103F-16F7-4668-BE54-9A1E7A4F7556}") = "BlazorPeliculas.Server", "BlazorPeliculas\Server\BlazorPeliculas.Server.csproj", "{8ED2E726-479D-4597-A1E8-A646C653ADC1}"
EndProject
Project("{9A19103F-16F7-4668-BE54-9A1E7A4F7556}") = "BlazorPeliculas.Client", "BlazorPeliculas\Client\BlazorPeliculas.Client.csproj", "{44D4C141-B5FF-4550-B822-8E1A8A7A31C7}"
EndProject
Project("{9A19103F-16F7-4668-BE54-9A1E7A4F7556}") = "BlazorPeliculas.Shared", "BlazorPeliculas\Shared\BlazorPeliculas.Shared.csproj", "{8108CEB2-AA5F-47C9-89D0-242EC0C188ED}"
EndProject
Global
	GlobalSection(SolutionConfigurationPlatforms) = preSolution
		Debug|Any CPU = Debug|Any CPU
		Release|Any CPU = Release|Any CPU
	EndGlobalSection
	GlobalSection(ProjectConfigurationPlatforms) = postSolution
		{8ED2E726-479D-4597-A1E8-A646C653ADC1}.Debug|Any CPU.ActiveCfg = Debug|Any CPU
		{8ED2E726-479D-4597-A1E8-A646C653ADC1}.Debug|Any CPU.Build.0 = Debug|Any CPU
		{8ED2E726-479D-4597-A1E8-A646C653ADC1}.Release|Any CPU.ActiveCfg = Release|Any CPU
		{8ED2E726-479D-4597-A1E8-A646C653ADC1}.Release|Any CPU.Build.0 = Release|Any CPU
		{44D4C141-B5FF-4550-B822-8E1A8A7A31C7}.Debug|Any CPU.ActiveCfg = Debug|Any CPU
		{44D4C141-B5FF-4550-B822-8E1A8A7A31C7}.Debug|Any CPU.Build.0 = Debug|Any CPU
		{44D4C141-B5FF-4550-B822-8E1A8A7A31C7}.Release|Any CPU.ActiveCfg = Release|Any CPU
		{44D4C141-B5FF-4550-B822-8E1A8A7A31C7}.Release|Any CPU.Build.0 = Release|Any CPU
		{8108CEB2-AA5F-47C9-89D0-242EC0C188ED}.Debug|Any CPU.ActiveCfg = Debug|Any CPU
		{8108CEB2-AA5F-47C9-89D0-242EC0C188ED}.Debug|Any CPU.Build.0 = Debug|Any CPU
		{8108CEB2-AA5F-47C9-89D0-242EC0C188ED}.Release|Any CPU.ActiveCfg = Release|Any CPU
		{8108CEB2-AA5F-47C9-89D0-242EC0C188ED}.Release|Any CPU.Build.0 = Release|Any CPU
	EndGlobalSection
	GlobalSection(SolutionProperties) = preSolution
		HideSolutionNode = FALSE
	EndGlobalSection
	GlobalSection(ExtensibilityGlobals) = postSolution
		SolutionGuid = {E9EFB935-3E1E-43E9-87EA-B2C1D8F17E34}
	EndGlobalSection
EndGlobal
